<?xml version="1.0" encoding="utf-8"?>
<Project ToolsVersion="4.0" xmlns="http://schemas.microsoft.com/developer/msbuild/2003">
  <ItemGroup>
    <Filter Include="Source Files">
      <UniqueIdentifier>{d5018c9e-eecb-4c77-ad27-1c15706a651c}</UniqueIdentifier>
      <Extensions>cpp;c;cxx;def;odl;idl;hpj;bat;asm</Extensions>
    </Filter>
    <Filter Include="Header Files">
      <UniqueIdentifier>{8e559160-4686-4515-8e8f-5ca6242e0fab}</UniqueIdentifier>
      <Extensions>h;hpp;hxx;hm;inl;inc</Extensions>
    </Filter>
    <Filter Include="Resource Files">
      <UniqueIdentifier>{8dd15815-756e-4ff0-a6c8-0fff874ca55b}</UniqueIdentifier>
      <Extensions>rc;ico;cur;bmp;dlg;rc2;rct;bin;rgs;jpg;jpeg;jpe;manifest</Extensions>
    </Filter>
    <Filter Include="Help Files">
      <UniqueIdentifier>{acab50c8-f997-4dcc-af2d-7c18e65f8643}</UniqueIdentifier>
    </Filter>
    <Filter Include="Help Files\html">
      <UniqueIdentifier>{92d9ce77-7c9c-4ff4-8951-b2986615e1ee}</UniqueIdentifier>
    </Filter>
    <Filter Include="Help Files\styles">
      <UniqueIdentifier>{8e3c8caf-156a-4d8c-b951-d4b6d010ce7c}</UniqueIdentifier>
    </Filter>
  </ItemGroup>
  <ItemGroup>
    <ClCompile Include="AboutDlg.cpp">
      <Filter>Source Files</Filter>
    </ClCompile>
    <ClCompile Include="AnimationWindow.cpp">
      <Filter>Source Files</Filter>
    </ClCompile>
    <ClCompile Include="Console.cpp">
      <Filter>Source Files</Filter>
    </ClCompile>
    <ClCompile Include="ConsoleHandler.cpp">
      <Filter>Source Files</Filter>
    </ClCompile>
    <ClCompile Include="ConsoleView.cpp">
      <Filter>Source Files</Filter>
    </ClCompile>
    <ClCompile Include="Cursors.cpp">
      <Filter>Source Files</Filter>
    </ClCompile>
    <ClCompile Include="DlgCredentials.cpp">
      <Filter>Source Files</Filter>
    </ClCompile>
    <ClCompile Include="DlgRenameTab.cpp">
      <Filter>Source Files</Filter>
    </ClCompile>
    <ClCompile Include="DlgSettingsAppearance.cpp">
      <Filter>Source Files</Filter>
    </ClCompile>
    <ClCompile Include="DlgSettingsBehavior.cpp">
      <Filter>Source Files</Filter>
    </ClCompile>
    <ClCompile Include="DlgSettingsConsole.cpp">
      <Filter>Source Files</Filter>
    </ClCompile>
    <ClCompile Include="DlgSettingsHotkeys.cpp">
      <Filter>Source Files</Filter>
    </ClCompile>
    <ClCompile Include="DlgSettingsMain.cpp">
      <Filter>Source Files</Filter>
    </ClCompile>
    <ClCompile Include="DlgSettingsMouse.cpp">
      <Filter>Source Files</Filter>
    </ClCompile>
    <ClCompile Include="DlgSettingsStyles.cpp">
      <Filter>Source Files</Filter>
    </ClCompile>
    <ClCompile Include="DlgSettingsTabs.cpp">
      <Filter>Source Files</Filter>
    </ClCompile>
    <ClCompile Include="Helpers.cpp">
      <Filter>Source Files</Filter>
    </ClCompile>
    <ClCompile Include="ImageHandler.cpp">
      <Filter>Source Files</Filter>
    </ClCompile>
    <ClCompile Include="MainFrame.cpp">
      <Filter>Source Files</Filter>
    </ClCompile>
    <ClCompile Include="PageSettingsTabs1.cpp">
      <Filter>Source Files</Filter>
    </ClCompile>
    <ClCompile Include="PageSettingsTabs2.cpp">
      <Filter>Source Files</Filter>
    </ClCompile>
    <ClCompile Include="SelectionHandler.cpp">
      <Filter>Source Files</Filter>
    </ClCompile>
    <ClCompile Include="SettingsHandler.cpp">
      <Filter>Source Files</Filter>
    </ClCompile>
    <ClCompile Include="stdafx.cpp">
      <Filter>Source Files</Filter>
    </ClCompile>
    <ClCompile Include="XmlHelper.cpp">
      <Filter>Source Files</Filter>
    </ClCompile>
    <ClCompile Include="PageSettingsTabsColors.cpp">
      <Filter>Source Files</Filter>
    </ClCompile>
    <ClCompile Include="DropFileTarget.cpp">
      <Filter>Source Files</Filter>
    </ClCompile>
    <ClCompile Include="JumpList.cpp">
      <Filter>Source Files</Filter>
    </ClCompile>
  </ItemGroup>
  <ItemGroup>
    <ClInclude Include="AboutDlg.h">
      <Filter>Header Files</Filter>
    </ClInclude>
    <ClInclude Include="AnimationWindow.h">
      <Filter>Header Files</Filter>
    </ClInclude>
    <ClInclude Include="Console.h">
      <Filter>Header Files</Filter>
    </ClInclude>
    <ClInclude Include="ConsoleException.h">
      <Filter>Header Files</Filter>
    </ClInclude>
    <ClInclude Include="ConsoleHandler.h">
      <Filter>Header Files</Filter>
    </ClInclude>
    <ClInclude Include="ConsoleView.h">
      <Filter>Header Files</Filter>
    </ClInclude>
    <ClInclude Include="Cursors.h">
      <Filter>Header Files</Filter>
    </ClInclude>
    <ClInclude Include="DlgCredentials.h">
      <Filter>Header Files</Filter>
    </ClInclude>
    <ClInclude Include="DlgRenameTab.h">
      <Filter>Header Files</Filter>
    </ClInclude>
    <ClInclude Include="DlgSettingsAppearance.h">
      <Filter>Header Files</Filter>
    </ClInclude>
    <ClInclude Include="DlgSettingsBase.h">
      <Filter>Header Files</Filter>
    </ClInclude>
    <ClInclude Include="DlgSettingsBehavior.h">
      <Filter>Header Files</Filter>
    </ClInclude>
    <ClInclude Include="DlgSettingsConsole.h">
      <Filter>Header Files</Filter>
    </ClInclude>
    <ClInclude Include="DlgSettingsHotkeys.h">
      <Filter>Header Files</Filter>
    </ClInclude>
    <ClInclude Include="DlgSettingsMain.h">
      <Filter>Header Files</Filter>
    </ClInclude>
    <ClInclude Include="DlgSettingsMouse.h">
      <Filter>Header Files</Filter>
    </ClInclude>
    <ClInclude Include="DlgSettingsStyles.h">
      <Filter>Header Files</Filter>
    </ClInclude>
    <ClInclude Include="DlgSettingsTabs.h">
      <Filter>Header Files</Filter>
    </ClInclude>
    <ClInclude Include="FastDelegate.h">
      <Filter>Header Files</Filter>
    </ClInclude>
    <ClInclude Include="Helpers.h">
      <Filter>Header Files</Filter>
    </ClInclude>
    <ClInclude Include="HotkeyEdit.h">
      <Filter>Header Files</Filter>
    </ClInclude>
    <ClInclude Include="ImageHandler.h">
      <Filter>Header Files</Filter>
    </ClInclude>
    <ClInclude Include="MainFrame.h">
      <Filter>Header Files</Filter>
    </ClInclude>
    <ClInclude Include="PageSettingsTabs1.h">
      <Filter>Header Files</Filter>
    </ClInclude>
    <ClInclude Include="PageSettingsTabs2.h">
      <Filter>Header Files</Filter>
    </ClInclude>
    <ClInclude Include="resource.h">
      <Filter>Header Files</Filter>
    </ClInclude>
    <ClInclude Include="SelectionHandler.h">
      <Filter>Header Files</Filter>
    </ClInclude>
    <ClInclude Include="SettingsHandler.h">
      <Filter>Header Files</Filter>
    </ClInclude>
    <ClInclude Include="..\shared\SharedMemNames.h">
      <Filter>Header Files</Filter>
    </ClInclude>
    <ClInclude Include="..\shared\SharedMemory.h">
      <Filter>Header Files</Filter>
    </ClInclude>
    <ClInclude Include="stdafx.h">
      <Filter>Header Files</Filter>
    </ClInclude>
    <ClInclude Include="..\shared\Structures.h">
      <Filter>Header Files</Filter>
    </ClInclude>
    <ClInclude Include="XmlHelper.h">
      <Filter>Header Files</Filter>
    </ClInclude>
    <ClInclude Include="PageSettingsTabsColors.h">
      <Filter>Header Files</Filter>
    </ClInclude>
    <ClInclude Include="DropFileTarget.h">
      <Filter>Header Files</Filter>
    </ClInclude>
    <ClInclude Include="JumpList.h">
      <Filter>Header Files</Filter>
    </ClInclude>
  </ItemGroup>
  <ItemGroup>
    <Image Include="res\Console.ico">
      <Filter>Resource Files</Filter>
    </Image>
    <Image Include="res\toolbar.bmp">
      <Filter>Resource Files</Filter>
    </Image>
  </ItemGroup>
  <ItemGroup>
    <ResourceCompile Include="Console.rc">
      <Filter>Resource Files</Filter>
    </ResourceCompile>
  </ItemGroup>
  <ItemGroup>
    <None Include="..\help\console.hhc">
      <Filter>Help Files</Filter>
    </None>
    <None Include="..\help\console.hhk">
      <Filter>Help Files</Filter>
    </None>
    <None Include="..\help\html\acknowledgements.html">
      <Filter>Help Files\html</Filter>
    </None>
    <None Include="..\help\html\bugs_limitations.html">
      <Filter>Help Files\html</Filter>
    </None>
    <None Include="..\help\html\changelog.html">
      <Filter>Help Files\html</Filter>
    </None>
    <None Include="..\help\html\copyright.html">
      <Filter>Help Files\html</Filter>
    </None>
    <None Include="..\help\html\gpl.html">
      <Filter>Help Files\html</Filter>
    </None>
    <None Include="..\help\html\introduction.html">
      <Filter>Help Files\html</Filter>
    </None>
    <None Include="..\help\html\language.html">
      <Filter>Help Files\html</Filter>
    </None>
    <None Include="..\help\html\menus.html">
      <Filter>Help Files\html</Filter>
    </None>
    <None Include="..\help\html\reporting_problems.html">
      <Filter>Help Files\html</Filter>
    </None>
    <None Include="..\help\html\running.html">
      <Filter>Help Files\html</Filter>
    </None>
    <None Include="..\help\html\settings.html">
      <Filter>Help Files\html</Filter>
    </None>
    <None Include="..\help\html\settings_appearance.html">
      <Filter>Help Files\html</Filter>
    </None>
    <None Include="..\help\html\settings_appearance_more.html">
      <Filter>Help Files\html</Filter>
    </None>
    <None Include="..\help\html\settings_behavior.html">
      <Filter>Help Files\html</Filter>
    </None>
    <None Include="..\help\html\settings_console.html">
      <Filter>Help Files\html</Filter>
    </None>
    <None Include="..\help\html\settings_hotkeys.html">
      <Filter>Help Files\html</Filter>
    </None>
    <None Include="..\help\html\settings_mouse.html">
      <Filter>Help Files\html</Filter>
    </None>
    <None Include="..\help\html\settings_tabs.html">
      <Filter>Help Files\html</Filter>
    </None>
    <None Include="..\help\html\tips_tricks.html">
      <Filter>Help Files\html</Filter>
    </None>
    <None Include="..\help\styles\help.css">
      <Filter>Help Files\styles</Filter>
    </None>
    <None Include="res\html1.htm" />
  </ItemGroup>
  <ItemGroup>
    <Xml Include="console.xml" />
    <Xml Include="res\settings.xml" />
  </ItemGroup>
  <ItemGroup>
    <Text Include="Todo.txt" />
  </ItemGroup>
  <ItemGroup>
    <CustomBuild Include="..\help\console.hhp">
      <Filter>Help Files</Filter>
    </CustomBuild>
  </ItemGroup>
</Project>